
Microsoft Visual Studio Solution File, Format Version 12.00
# Visual Studio Version 17
VisualStudioVersion = 17.13.35931.197
MinimumVisualStudioVersion = 10.0.40219.1
Project("{FAE04EC0-301F-11D3-BF4B-00C04F79EFBC}") = "Repository_Pattern", "Repository_Pattern.csproj", "{ACC7EB5C-3FDB-4DB0-8DA3-D7A5C29BAB01}"
EndProject
Project("{FAE04EC0-301F-11D3-BF4B-00C04F79EFBC}") = "Entity", "..\Entity\Entity.csproj", "{D20C61BF-B98D-4B59-8E63-ACFA3B89DCE7}"
EndProject
Project("{2150E333-8FDC-42A3-9474-1A3956D46DE8}") = "Repository", "Repository", "{02EA681E-C7D8-13C7-8484-4AC65E1B71E8}"
EndProject
Project("{FAE04EC0-301F-11D3-BF4B-00C04F79EFBC}") = "Repository", "..\Repository\Repository.csproj", "{99C6BE17-56DA-41A0-A392-D877AD6E01CB}"
EndProject
Project("{2150E333-8FDC-42A3-9474-1A3956D46DE8}") = "UnitOfWork", "UnitOfWork", "{604E6AD5-8C0F-47B8-9B6A-E969B1EAB129}"
EndProject
Project("{FAE04EC0-301F-11D3-BF4B-00C04F79EFBC}") = "UnitOfWork_Pattern", "..\UnitOfWork_Pattern\UnitOfWork_Pattern.csproj", "{CA202155-9565-49C7-99B3-67A1C474EEF4}"
EndProject
Project("{FAE04EC0-301F-11D3-BF4B-00C04F79EFBC}") = "UnitOfWork", "..\UnitOfWork\UnitOfWork.csproj", "{AB9878DD-FAF1-4CFA-9410-B92B1D5E8FA4}"
EndProject
Project("{2150E333-8FDC-42A3-9474-1A3956D46DE8}") = "CQRS", "CQRS", "{398518BD-D823-4351-98EA-50B36B7956D3}"
EndProject
Project("{FAE04EC0-301F-11D3-BF4B-00C04F79EFBC}") = "CQRS_Pattern", "..\CQRS_Pattern\CQRS_Pattern.csproj", "{BB4DC836-940A-4D07-9B59-FFC339FDAFBC}"
EndProject
Project("{FAE04EC0-301F-11D3-BF4B-00C04F79EFBC}") = "CQRS_Command", "..\CQRS_Command\CQRS_Command.csproj", "{66AD3845-BDBB-48DF-AE26-707E5B66AE1D}"
EndProject
Project("{2150E333-8FDC-42A3-9474-1A3956D46DE8}") = "Factory", "Factory", "{C12219F1-817F-499C-B33B-7978256334E8}"
EndProject
Project("{FAE04EC0-301F-11D3-BF4B-00C04F79EFBC}") = "Factory_Pattern", "..\Factory_Pattern\Factory_Pattern.csproj", "{37F63EC1-C286-44C5-83A0-3EFCF75F1B70}"
EndProject
Project("{FAE04EC0-301F-11D3-BF4B-00C04F79EFBC}") = "Factory", "..\Factory\Factory.csproj", "{929CA254-F31F-49D6-B780-9DF9FEB319ED}"
EndProject
Project("{FAE04EC0-301F-11D3-BF4B-00C04F79EFBC}") = "Models", "..\Models\Models.csproj", "{ED670AB5-B1CF-4792-8FFA-F373649683DF}"
EndProject
Project("{2150E333-8FDC-42A3-9474-1A3956D46DE8}") = "Builder", "Builder", "{8F863859-3185-41BF-8CE5-E2100C3B5D5C}"
EndProject
Project("{FAE04EC0-301F-11D3-BF4B-00C04F79EFBC}") = "Bulider_Pattern", "..\Bulider_Pattern\Bulider_Pattern.csproj", "{5E82685A-BD48-4E1A-8C36-F06A24FACEC7}"
EndProject
Project("{FAE04EC0-301F-11D3-BF4B-00C04F79EFBC}") = "Entity.Models", "..\Entity.Models\Entity.Models.csproj", "{C014F8DE-3480-4159-8D88-85FC6B76CD7C}"
EndProject
Project("{FAE04EC0-301F-11D3-BF4B-00C04F79EFBC}") = "Builder", "..\Builder\Builder.csproj", "{FF9B679E-134E-4C3C-8D7A-F5940526F36C}"
EndProject
Project("{2150E333-8FDC-42A3-9474-1A3956D46DE8}") = "Singleton", "Singleton", "{CAB059C9-583A-4AE2-B454-0527E890C3E0}"
EndProject
Project("{FAE04EC0-301F-11D3-BF4B-00C04F79EFBC}") = "Singleton_Pattern", "..\Singleton_Pattern\Singleton_Pattern.csproj", "{359BB2B8-233E-47F2-88B9-ADC5D7128F16}"
EndProject
Project("{FAE04EC0-301F-11D3-BF4B-00C04F79EFBC}") = "Service", "..\Service\Service.csproj", "{B45993DD-8CCF-4D0D-BD77-3DCD45A56469}"
EndProject
Project("{FAE04EC0-301F-11D3-BF4B-00C04F79EFBC}") = "DTOs", "..\DTOs\DTOs.csproj", "{738C8B7E-E9C0-49BE-9FBE-B8D74323924D}"
EndProject
Project("{2150E333-8FDC-42A3-9474-1A3956D46DE8}") = "Decorator", "Decorator", "{2C24AAF3-7118-4F77-8DDC-D518A64DE89A}"
EndProject
Project("{FAE04EC0-301F-11D3-BF4B-00C04F79EFBC}") = "Decorator_Pattern", "..\Decorator_Pattern\Decorator_Pattern.csproj", "{F3806AFC-4B35-419E-BEA6-9F0657A68272}"
EndProject
Project("{FAE04EC0-301F-11D3-BF4B-00C04F79EFBC}") = "Services", "..\Services\Services.csproj", "{14C47057-9C45-4D84-BB20-A4D0B52F5F67}"
EndProject
Project("{FAE04EC0-301F-11D3-BF4B-00C04F79EFBC}") = "DTOs.Entity", "..\DTOs.Entity\DTOs.Entity.csproj", "{ACB4DF6A-F033-42F7-BBBC-D6AF5EBCE097}"
EndProject
Project("{FAE04EC0-301F-11D3-BF4B-00C04F79EFBC}") = "Decorator", "..\Decorator\Decorator.csproj", "{F00D416E-C630-4646-922C-97C3F6BC08AA}"
EndProject
Global
	GlobalSection(SolutionConfigurationPlatforms) = preSolution
		Debug|Any CPU = Debug|Any CPU
		Release|Any CPU = Release|Any CPU
	EndGlobalSection
	GlobalSection(ProjectConfigurationPlatforms) = postSolution
		{ACC7EB5C-3FDB-4DB0-8DA3-D7A5C29BAB01}.Debug|Any CPU.ActiveCfg = Debug|Any CPU
		{ACC7EB5C-3FDB-4DB0-8DA3-D7A5C29BAB01}.Debug|Any CPU.Build.0 = Debug|Any CPU
		{ACC7EB5C-3FDB-4DB0-8DA3-D7A5C29BAB01}.Release|Any CPU.ActiveCfg = Release|Any CPU
		{ACC7EB5C-3FDB-4DB0-8DA3-D7A5C29BAB01}.Release|Any CPU.Build.0 = Release|Any CPU
		{D20C61BF-B98D-4B59-8E63-ACFA3B89DCE7}.Debug|Any CPU.ActiveCfg = Debug|Any CPU
		{D20C61BF-B98D-4B59-8E63-ACFA3B89DCE7}.Debug|Any CPU.Build.0 = Debug|Any CPU
		{D20C61BF-B98D-4B59-8E63-ACFA3B89DCE7}.Release|Any CPU.ActiveCfg = Release|Any CPU
		{D20C61BF-B98D-4B59-8E63-ACFA3B89DCE7}.Release|Any CPU.Build.0 = Release|Any CPU
		{99C6BE17-56DA-41A0-A392-D877AD6E01CB}.Debug|Any CPU.ActiveCfg = Debug|Any CPU
		{99C6BE17-56DA-41A0-A392-D877AD6E01CB}.Debug|Any CPU.Build.0 = Debug|Any CPU
		{99C6BE17-56DA-41A0-A392-D877AD6E01CB}.Release|Any CPU.ActiveCfg = Release|Any CPU
		{99C6BE17-56DA-41A0-A392-D877AD6E01CB}.Release|Any CPU.Build.0 = Release|Any CPU
		{CA202155-9565-49C7-99B3-67A1C474EEF4}.Debug|Any CPU.ActiveCfg = Debug|Any CPU
		{CA202155-9565-49C7-99B3-67A1C474EEF4}.Debug|Any CPU.Build.0 = Debug|Any CPU
		{CA202155-9565-49C7-99B3-67A1C474EEF4}.Release|Any CPU.ActiveCfg = Release|Any CPU
		{CA202155-9565-49C7-99B3-67A1C474EEF4}.Release|Any CPU.Build.0 = Release|Any CPU
		{AB9878DD-FAF1-4CFA-9410-B92B1D5E8FA4}.Debug|Any CPU.ActiveCfg = Debug|Any CPU
		{AB9878DD-FAF1-4CFA-9410-B92B1D5E8FA4}.Debug|Any CPU.Build.0 = Debug|Any CPU
		{AB9878DD-FAF1-4CFA-9410-B92B1D5E8FA4}.Release|Any CPU.ActiveCfg = Release|Any CPU
		{AB9878DD-FAF1-4CFA-9410-B92B1D5E8FA4}.Release|Any CPU.Build.0 = Release|Any CPU
		{BB4DC836-940A-4D07-9B59-FFC339FDAFBC}.Debug|Any CPU.ActiveCfg = Debug|Any CPU
		{BB4DC836-940A-4D07-9B59-FFC339FDAFBC}.Debug|Any CPU.Build.0 = Debug|Any CPU
		{BB4DC836-940A-4D07-9B59-FFC339FDAFBC}.Release|Any CPU.ActiveCfg = Release|Any CPU
		{BB4DC836-940A-4D07-9B59-FFC339FDAFBC}.Release|Any CPU.Build.0 = Release|Any CPU
		{66AD3845-BDBB-48DF-AE26-707E5B66AE1D}.Debug|Any CPU.ActiveCfg = Debug|Any CPU
		{66AD3845-BDBB-48DF-AE26-707E5B66AE1D}.Debug|Any CPU.Build.0 = Debug|Any CPU
		{66AD3845-BDBB-48DF-AE26-707E5B66AE1D}.Release|Any CPU.ActiveCfg = Release|Any CPU
		{66AD3845-BDBB-48DF-AE26-707E5B66AE1D}.Release|Any CPU.Build.0 = Release|Any CPU
		{37F63EC1-C286-44C5-83A0-3EFCF75F1B70}.Debug|Any CPU.ActiveCfg = Debug|Any CPU
		{37F63EC1-C286-44C5-83A0-3EFCF75F1B70}.Debug|Any CPU.Build.0 = Debug|Any CPU
		{37F63EC1-C286-44C5-83A0-3EFCF75F1B70}.Release|Any CPU.ActiveCfg = Release|Any CPU
		{37F63EC1-C286-44C5-83A0-3EFCF75F1B70}.Release|Any CPU.Build.0 = Release|Any CPU
		{929CA254-F31F-49D6-B780-9DF9FEB319ED}.Debug|Any CPU.ActiveCfg = Debug|Any CPU
		{929CA254-F31F-49D6-B780-9DF9FEB319ED}.Debug|Any CPU.Build.0 = Debug|Any CPU
		{929CA254-F31F-49D6-B780-9DF9FEB319ED}.Release|Any CPU.ActiveCfg = Release|Any CPU
		{929CA254-F31F-49D6-B780-9DF9FEB319ED}.Release|Any CPU.Build.0 = Release|Any CPU
		{ED670AB5-B1CF-4792-8FFA-F373649683DF}.Debug|Any CPU.ActiveCfg = Debug|Any CPU
		{ED670AB5-B1CF-4792-8FFA-F373649683DF}.Debug|Any CPU.Build.0 = Debug|Any CPU
		{ED670AB5-B1CF-4792-8FFA-F373649683DF}.Release|Any CPU.ActiveCfg = Release|Any CPU
		{ED670AB5-B1CF-4792-8FFA-F373649683DF}.Release|Any CPU.Build.0 = Release|Any CPU
		{5E82685A-BD48-4E1A-8C36-F06A24FACEC7}.Debug|Any CPU.ActiveCfg = Debug|Any CPU
		{5E82685A-BD48-4E1A-8C36-F06A24FACEC7}.Debug|Any CPU.Build.0 = Debug|Any CPU
		{5E82685A-BD48-4E1A-8C36-F06A24FACEC7}.Release|Any CPU.ActiveCfg = Release|Any CPU
		{5E82685A-BD48-4E1A-8C36-F06A24FACEC7}.Release|Any CPU.Build.0 = Release|Any CPU
		{C014F8DE-3480-4159-8D88-85FC6B76CD7C}.Debug|Any CPU.ActiveCfg = Debug|Any CPU
		{C014F8DE-3480-4159-8D88-85FC6B76CD7C}.Debug|Any CPU.Build.0 = Debug|Any CPU
		{C014F8DE-3480-4159-8D88-85FC6B76CD7C}.Release|Any CPU.ActiveCfg = Release|Any CPU
		{C014F8DE-3480-4159-8D88-85FC6B76CD7C}.Release|Any CPU.Build.0 = Release|Any CPU
		{FF9B679E-134E-4C3C-8D7A-F5940526F36C}.Debug|Any CPU.ActiveCfg = Debug|Any CPU
		{FF9B679E-134E-4C3C-8D7A-F5940526F36C}.Debug|Any CPU.Build.0 = Debug|Any CPU
		{FF9B679E-134E-4C3C-8D7A-F5940526F36C}.Release|Any CPU.ActiveCfg = Release|Any CPU
		{FF9B679E-134E-4C3C-8D7A-F5940526F36C}.Release|Any CPU.Build.0 = Release|Any CPU
		{359BB2B8-233E-47F2-88B9-ADC5D7128F16}.Debug|Any CPU.ActiveCfg = Debug|Any CPU
		{359BB2B8-233E-47F2-88B9-ADC5D7128F16}.Debug|Any CPU.Build.0 = Debug|Any CPU
		{359BB2B8-233E-47F2-88B9-ADC5D7128F16}.Release|Any CPU.ActiveCfg = Release|Any CPU
		{359BB2B8-233E-47F2-88B9-ADC5D7128F16}.Release|Any CPU.Build.0 = Release|Any CPU
		{B45993DD-8CCF-4D0D-BD77-3DCD45A56469}.Debug|Any CPU.ActiveCfg = Debug|Any CPU
		{B45993DD-8CCF-4D0D-BD77-3DCD45A56469}.Debug|Any CPU.Build.0 = Debug|Any CPU
		{B45993DD-8CCF-4D0D-BD77-3DCD45A56469}.Release|Any CPU.ActiveCfg = Release|Any CPU
		{B45993DD-8CCF-4D0D-BD77-3DCD45A56469}.Release|Any CPU.Build.0 = Release|Any CPU
		{738C8B7E-E9C0-49BE-9FBE-B8D74323924D}.Debug|Any CPU.ActiveCfg = Debug|Any CPU
		{738C8B7E-E9C0-49BE-9FBE-B8D74323924D}.Debug|Any CPU.Build.0 = Debug|Any CPU
		{738C8B7E-E9C0-49BE-9FBE-B8D74323924D}.Release|Any CPU.ActiveCfg = Release|Any CPU
		{738C8B7E-E9C0-49BE-9FBE-B8D74323924D}.Release|Any CPU.Build.0 = Release|Any CPU
		{F3806AFC-4B35-419E-BEA6-9F0657A68272}.Debug|Any CPU.ActiveCfg = Debug|Any CPU
		{F3806AFC-4B35-419E-BEA6-9F0657A68272}.Debug|Any CPU.Build.0 = Debug|Any CPU
		{F3806AFC-4B35-419E-BEA6-9F0657A68272}.Release|Any CPU.ActiveCfg = Release|Any CPU
		{F3806AFC-4B35-419E-BEA6-9F0657A68272}.Release|Any CPU.Build.0 = Release|Any CPU
		{14C47057-9C45-4D84-BB20-A4D0B52F5F67}.Debug|Any CPU.ActiveCfg = Debug|Any CPU
		{14C47057-9C45-4D84-BB20-A4D0B52F5F67}.Debug|Any CPU.Build.0 = Debug|Any CPU
		{14C47057-9C45-4D84-BB20-A4D0B52F5F67}.Release|Any CPU.ActiveCfg = Release|Any CPU
		{14C47057-9C45-4D84-BB20-A4D0B52F5F67}.Release|Any CPU.Build.0 = Release|Any CPU
		{ACB4DF6A-F033-42F7-BBBC-D6AF5EBCE097}.Debug|Any CPU.ActiveCfg = Debug|Any CPU
		{ACB4DF6A-F033-42F7-BBBC-D6AF5EBCE097}.Debug|Any CPU.Build.0 = Debug|Any CPU
		{ACB4DF6A-F033-42F7-BBBC-D6AF5EBCE097}.Release|Any CPU.ActiveCfg = Release|Any CPU
		{ACB4DF6A-F033-42F7-BBBC-D6AF5EBCE097}.Release|Any CPU.Build.0 = Release|Any CPU
		{F00D416E-C630-4646-922C-97C3F6BC08AA}.Debug|Any CPU.ActiveCfg = Debug|Any CPU
		{F00D416E-C630-4646-922C-97C3F6BC08AA}.Debug|Any CPU.Build.0 = Debug|Any CPU
		{F00D416E-C630-4646-922C-97C3F6BC08AA}.Release|Any CPU.ActiveCfg = Release|Any CPU
		{F00D416E-C630-4646-922C-97C3F6BC08AA}.Release|Any CPU.Build.0 = Release|Any CPU
	EndGlobalSection
	GlobalSection(SolutionProperties) = preSolution
		HideSolutionNode = FALSE
	EndGlobalSection
	GlobalSection(NestedProjects) = preSolution
		{ACC7EB5C-3FDB-4DB0-8DA3-D7A5C29BAB01} = {02EA681E-C7D8-13C7-8484-4AC65E1B71E8}
		{D20C61BF-B98D-4B59-8E63-ACFA3B89DCE7} = {02EA681E-C7D8-13C7-8484-4AC65E1B71E8}
		{99C6BE17-56DA-41A0-A392-D877AD6E01CB} = {02EA681E-C7D8-13C7-8484-4AC65E1B71E8}
		{CA202155-9565-49C7-99B3-67A1C474EEF4} = {604E6AD5-8C0F-47B8-9B6A-E969B1EAB129}
		{AB9878DD-FAF1-4CFA-9410-B92B1D5E8FA4} = {604E6AD5-8C0F-47B8-9B6A-E969B1EAB129}
		{BB4DC836-940A-4D07-9B59-FFC339FDAFBC} = {398518BD-D823-4351-98EA-50B36B7956D3}
		{66AD3845-BDBB-48DF-AE26-707E5B66AE1D} = {398518BD-D823-4351-98EA-50B36B7956D3}
		{37F63EC1-C286-44C5-83A0-3EFCF75F1B70} = {C12219F1-817F-499C-B33B-7978256334E8}
		{929CA254-F31F-49D6-B780-9DF9FEB319ED} = {C12219F1-817F-499C-B33B-7978256334E8}
		{ED670AB5-B1CF-4792-8FFA-F373649683DF} = {C12219F1-817F-499C-B33B-7978256334E8}
		{5E82685A-BD48-4E1A-8C36-F06A24FACEC7} = {8F863859-3185-41BF-8CE5-E2100C3B5D5C}
		{C014F8DE-3480-4159-8D88-85FC6B76CD7C} = {8F863859-3185-41BF-8CE5-E2100C3B5D5C}
		{FF9B679E-134E-4C3C-8D7A-F5940526F36C} = {8F863859-3185-41BF-8CE5-E2100C3B5D5C}
		{359BB2B8-233E-47F2-88B9-ADC5D7128F16} = {CAB059C9-583A-4AE2-B454-0527E890C3E0}
		{B45993DD-8CCF-4D0D-BD77-3DCD45A56469} = {CAB059C9-583A-4AE2-B454-0527E890C3E0}
		{738C8B7E-E9C0-49BE-9FBE-B8D74323924D} = {CAB059C9-583A-4AE2-B454-0527E890C3E0}
		{F3806AFC-4B35-419E-BEA6-9F0657A68272} = {2C24AAF3-7118-4F77-8DDC-D518A64DE89A}
		{14C47057-9C45-4D84-BB20-A4D0B52F5F67} = {2C24AAF3-7118-4F77-8DDC-D518A64DE89A}
		{ACB4DF6A-F033-42F7-BBBC-D6AF5EBCE097} = {2C24AAF3-7118-4F77-8DDC-D518A64DE89A}
		{F00D416E-C630-4646-922C-97C3F6BC08AA} = {2C24AAF3-7118-4F77-8DDC-D518A64DE89A}
	EndGlobalSection
	GlobalSection(ExtensibilityGlobals) = postSolution
		SolutionGuid = {73B5F172-FFC1-4794-A294-0AC69624555A}
	EndGlobalSection
EndGlobal
